<?xml version="1.0" encoding="utf-8"?>
<Project ToolsVersion="4.0" xmlns="http://schemas.microsoft.com/developer/msbuild/2003">
  <ItemGroup>
    <Filter Include="Source Files">
      <UniqueIdentifier>{4FC737F1-C7A5-4376-A066-2A32D752A2FF}</UniqueIdentifier>
      <Extensions>cpp;c;cc;cxx;c++;cppm;ixx;def;odl;idl;hpj;bat;asm;asmx</Extensions>
    </Filter>
    <Filter Include="Header Files">
      <UniqueIdentifier>{93995380-89BD-4b04-88EB-625FBE52EBFB}</UniqueIdentifier>
      <Extensions>h;hh;hpp;hxx;h++;hm;inl;inc;ipp;xsd</Extensions>
    </Filter>
    <Filter Include="Resource Files">
      <UniqueIdentifier>{67DA6AB6-F800-4c08-8B7A-83BB121AAD01}</UniqueIdentifier>
      <Extensions>rc;ico;cur;bmp;dlg;rc2;rct;bin;rgs;gif;jpg;jpeg;jpe;resx;tiff;tif;png;wav;mfcribbon-ms</Extensions>
    </Filter>
    <Filter Include="Resource Files\Shaders">
      <UniqueIdentifier>{6b44da03-e5a6-4532-af35-d23c8f1b8d70}</UniqueIdentifier>
    </Filter>
    <Filter Include="Resource Files\Textures">
      <UniqueIdentifier>{19e6206f-0cf6-440d-81fb-8dd3e5e42a7f}</UniqueIdentifier>
    </Filter>
    <Filter Include="Header Files\Scene">
      <UniqueIdentifier>{646dbd1f-a3dc-488d-8ce2-f00948c479d9}</UniqueIdentifier>
    </Filter>
    <Filter Include="Header Files\GL">
      <UniqueIdentifier>{0488cb25-9a47-4e23-8ab5-e7aaeb2405fd}</UniqueIdentifier>
    </Filter>
    <Filter Include="Header Files\Magia">
      <UniqueIdentifier>{1dad41bb-58df-4888-99ee-57514f789591}</UniqueIdentifier>
    </Filter>
    <Filter Include="Source Files\Scene">
      <UniqueIdentifier>{70cf8a71-ab8a-4962-9ba2-ad224b16c4d3}</UniqueIdentifier>
    </Filter>
    <Filter Include="Source Files\GL">
      <UniqueIdentifier>{2e7dce87-0eb7-4460-b882-95c75962f6ca}</UniqueIdentifier>
    </Filter>
    <Filter Include="Source Files\Magia">
      <UniqueIdentifier>{4cc4c687-1bdf-4b54-8cda-d564b9907180}</UniqueIdentifier>
    </Filter>
    <Filter Include="Header Files\Renderer">
      <UniqueIdentifier>{b68cfa65-2d01-4b9b-8d8d-6ed1386048f2}</UniqueIdentifier>
    </Filter>
    <Filter Include="Source Files\Renderer">
      <UniqueIdentifier>{8f6f3653-9a66-406a-af43-aaf7dcebf550}</UniqueIdentifier>
    </Filter>
    <Filter Include="Header Files\Ext">
      <UniqueIdentifier>{89cd5403-d445-41f5-a665-09e41004ee9b}</UniqueIdentifier>
    </Filter>
  </ItemGroup>
  <ItemGroup>
    <ClCompile Include="glad.c">
      <Filter>Source Files</Filter>
    </ClCompile>
    <ClCompile Include="stb.cpp">
      <Filter>Source Files</Filter>
    </ClCompile>
    <ClCompile Include="Camera.cpp">
      <Filter>Source Files\Scene</Filter>
    </ClCompile>
    <ClCompile Include="Sprite.cpp">
      <Filter>Source Files\Scene</Filter>
    </ClCompile>
    <ClCompile Include="Transform.cpp">
      <Filter>Source Files\Scene</Filter>
    </ClCompile>
    <ClCompile Include="EBO.cpp">
      <Filter>Source Files\GL</Filter>
    </ClCompile>
    <ClCompile Include="VAO.cpp">
      <Filter>Source Files\GL</Filter>
    </ClCompile>
    <ClCompile Include="VBO.cpp">
      <Filter>Source Files\GL</Filter>
    </ClCompile>
    <ClCompile Include="Game.cpp">
      <Filter>Source Files\Magia</Filter>
    </ClCompile>
    <ClCompile Include="Main.cpp">
      <Filter>Source Files\Magia</Filter>
    </ClCompile>
    <ClCompile Include="Entity.cpp">
      <Filter>Source Files\Scene</Filter>
    </ClCompile>
    <ClCompile Include="Renderer.cpp">
      <Filter>Source Files\Renderer</Filter>
    </ClCompile>
    <ClCompile Include="Input.cpp">
      <Filter>Source Files\Magia</Filter>
    </ClCompile>
    <ClCompile Include="Layer.cpp">
      <Filter>Source Files\Magia</Filter>
    </ClCompile>
    <ClCompile Include="Scene.cpp">
      <Filter>Source Files\Magia</Filter>
    </ClCompile>
    <ClCompile Include="Texture.cpp">
      <Filter>Source Files\GL</Filter>
    </ClCompile>
    <ClCompile Include="Shader.cpp">
      <Filter>Source Files\GL</Filter>
    </ClCompile>
    <ClCompile Include="Time.cpp">
      <Filter>Source Files\Magia</Filter>
    </ClCompile>
    <ClCompile Include="Collision.cpp">
      <Filter>Source Files\Scene</Filter>
    </ClCompile>
  </ItemGroup>
  <ItemGroup>
    <None Include="unlit.vert">
      <Filter>Resource Files\Shaders</Filter>
    </None>
    <None Include="unlit.frag">
      <Filter>Resource Files\Shaders</Filter>
    </None>
  </ItemGroup>
  <ItemGroup>
    <ClInclude Include="Component.h">
      <Filter>Header Files\Scene</Filter>
    </ClInclude>
    <ClInclude Include="VAO.h">
      <Filter>Header Files\GL</Filter>
    </ClInclude>
    <ClInclude Include="VBO.h">
      <Filter>Header Files\GL</Filter>
    </ClInclude>
    <ClInclude Include="EBO.h">
      <Filter>Header Files\GL</Filter>
    </ClInclude>
    <ClInclude Include="Camera.h">
      <Filter>Header Files\Scene</Filter>
    </ClInclude>
    <ClInclude Include="Sprite.h">
      <Filter>Header Files\Scene</Filter>
    </ClInclude>
    <ClInclude Include="HelperGLM.h">
      <Filter>Header Files\Magia</Filter>
    </ClInclude>
    <ClInclude Include="Core.h">
      <Filter>Header Files\Magia</Filter>
    </ClInclude>
    <ClInclude Include="Magia.h">
      <Filter>Header Files\Magia</Filter>
    </ClInclude>
    <ClInclude Include="Transform.h">
      <Filter>Header Files\Scene</Filter>
    </ClInclude>
    <ClInclude Include="Game.h">
      <Filter>Header Files\Magia</Filter>
    </ClInclude>
    <ClInclude Include="Entity.h">
      <Filter>Header Files\Scene</Filter>
    </ClInclude>
    <ClInclude Include="Renderer.h">
      <Filter>Header Files\Renderer</Filter>
    </ClInclude>
    <ClInclude Include="Input.h">
      <Filter>Header Files\Magia</Filter>
    </ClInclude>
    <ClInclude Include="Layer.h">
      <Filter>Header Files\Magia</Filter>
    </ClInclude>
    <ClInclude Include="Scene.h">
      <Filter>Header Files\Magia</Filter>
    </ClInclude>
    <ClInclude Include="Texture.h">
      <Filter>Header Files\GL</Filter>
    </ClInclude>
    <ClInclude Include="Shader.h">
      <Filter>Header Files\GL</Filter>
    </ClInclude>
    <ClInclude Include="Time.h">
      <Filter>Header Files\Magia</Filter>
    </ClInclude>
    <ClInclude Include="ScriptableEntity.h">
      <Filter>Header Files\Scene</Filter>
    </ClInclude>
    <ClInclude Include="PlayerController.h">
      <Filter>Header Files\Ext</Filter>
    </ClInclude>
    <ClInclude Include="EnemySpawner.h">
      <Filter>Header Files\Ext</Filter>
    </ClInclude>
    <ClInclude Include="HelperMath.h">
      <Filter>Header Files\Magia</Filter>
    </ClInclude>
    <ClInclude Include="Collision.h">
      <Filter>Header Files\Scene</Filter>
    </ClInclude>
  </ItemGroup>
  <ItemGroup>
    <Image Include="texture\tile.png">
      <Filter>Resource Files\Textures</Filter>
    </Image>
    <Image Include="texture\man.png">
      <Filter>Resource Files\Textures</Filter>
    </Image>
  </ItemGroup>
</Project>