<?xml version="1.0" encoding="utf-8"?>
<Project ToolsVersion="4.0" xmlns="http://schemas.microsoft.com/developer/msbuild/2003">
  <ItemGroup>
    <Filter Include="Source Files">
      <UniqueIdentifier>{4FC737F1-C7A5-4376-A066-2A32D752A2FF}</UniqueIdentifier>
      <Extensions>cpp;c;cc;cxx;c++;cppm;ixx;def;odl;idl;hpj;bat;asm;asmx</Extensions>
    </Filter>
    <Filter Include="Header Files">
      <UniqueIdentifier>{93995380-89BD-4b04-88EB-625FBE52EBFB}</UniqueIdentifier>
      <Extensions>h;hh;hpp;hxx;h++;hm;inl;inc;ipp;xsd</Extensions>
    </Filter>
    <Filter Include="Resource Files">
      <UniqueIdentifier>{67DA6AB6-F800-4c08-8B7A-83BB121AAD01}</UniqueIdentifier>
      <Extensions>rc;ico;cur;bmp;dlg;rc2;rct;bin;rgs;gif;jpg;jpeg;jpe;resx;tiff;tif;png;wav;mfcribbon-ms</Extensions>
    </Filter>
    <Filter Include="Resource Files\Shaders">
      <UniqueIdentifier>{6b44da03-e5a6-4532-af35-d23c8f1b8d70}</UniqueIdentifier>
    </Filter>
    <Filter Include="Resource Files\Textures">
      <UniqueIdentifier>{19e6206f-0cf6-440d-81fb-8dd3e5e42a7f}</UniqueIdentifier>
    </Filter>
    <Filter Include="Header Files\AL/GL">
      <UniqueIdentifier>{5648c0d4-c961-4dc0-9435-1f683ece21a2}</UniqueIdentifier>
    </Filter>
    <Filter Include="Header Files\Implementation">
      <UniqueIdentifier>{9a79237c-1695-4bb0-878b-1b60c2721a53}</UniqueIdentifier>
    </Filter>
    <Filter Include="Header Files\ECS">
      <UniqueIdentifier>{cfab78fd-c535-4b12-9504-6d8f70390422}</UniqueIdentifier>
    </Filter>
    <Filter Include="Header Files\Helper">
      <UniqueIdentifier>{8065e39e-0ec7-45ca-bc2e-e670c74a4401}</UniqueIdentifier>
    </Filter>
    <Filter Include="Header Files\Script">
      <UniqueIdentifier>{3bd41e0b-669b-4d94-9ab3-529fcbf556a9}</UniqueIdentifier>
    </Filter>
    <Filter Include="Source Files\AL/GL">
      <UniqueIdentifier>{dedcc8fa-fc0c-47fe-9800-bd8479c318e5}</UniqueIdentifier>
    </Filter>
    <Filter Include="Source Files\Implementation">
      <UniqueIdentifier>{f83e6d5b-b147-4ab9-af22-c983d751a014}</UniqueIdentifier>
    </Filter>
    <Filter Include="Source Files\ECS">
      <UniqueIdentifier>{77a1de39-22fd-4e48-9f8c-ff4b04834026}</UniqueIdentifier>
    </Filter>
  </ItemGroup>
  <ItemGroup>
    <ClCompile Include="..\src\Audio.cpp">
      <Filter>Source Files\AL/GL</Filter>
    </ClCompile>
    <ClCompile Include="..\src\Collision.cpp">
      <Filter>Source Files\Implementation</Filter>
    </ClCompile>
    <ClCompile Include="..\src\EBO.cpp">
      <Filter>Source Files\AL/GL</Filter>
    </ClCompile>
    <ClCompile Include="..\src\Entity.cpp">
      <Filter>Source Files\ECS</Filter>
    </ClCompile>
    <ClCompile Include="..\src\Font.cpp">
      <Filter>Source Files\Implementation</Filter>
    </ClCompile>
    <ClCompile Include="..\src\Input.cpp">
      <Filter>Source Files\Implementation</Filter>
    </ClCompile>
    <ClCompile Include="..\src\Main.cpp">
      <Filter>Source Files</Filter>
    </ClCompile>
    <ClCompile Include="..\src\Noise.cpp">
      <Filter>Source Files\Implementation</Filter>
    </ClCompile>
    <ClCompile Include="..\src\Renderer.cpp">
      <Filter>Source Files\Implementation</Filter>
    </ClCompile>
    <ClCompile Include="..\src\Scene.cpp">
      <Filter>Source Files\ECS</Filter>
    </ClCompile>
    <ClCompile Include="..\src\Shader.cpp">
      <Filter>Source Files\AL/GL</Filter>
    </ClCompile>
    <ClCompile Include="..\src\Texture.cpp">
      <Filter>Source Files\AL/GL</Filter>
    </ClCompile>
    <ClCompile Include="..\src\Sprite.cpp">
      <Filter>Source Files\Implementation</Filter>
    </ClCompile>
    <ClCompile Include="..\src\Time.cpp">
      <Filter>Source Files\Implementation</Filter>
    </ClCompile>
    <ClCompile Include="..\src\UI.cpp">
      <Filter>Source Files\Implementation</Filter>
    </ClCompile>
    <ClCompile Include="..\src\VAO.cpp">
      <Filter>Source Files\AL/GL</Filter>
    </ClCompile>
    <ClCompile Include="..\src\VBO.cpp">
      <Filter>Source Files\AL/GL</Filter>
    </ClCompile>
    <ClCompile Include="..\src\MenuLayer.cpp">
      <Filter>Source Files\ECS</Filter>
    </ClCompile>
    <ClCompile Include="..\src\GameLayer.cpp">
      <Filter>Source Files\ECS</Filter>
    </ClCompile>
    <ClCompile Include="..\stb.cpp">
      <Filter>Source Files</Filter>
    </ClCompile>
    <ClCompile Include="..\glad.c">
      <Filter>Source Files</Filter>
    </ClCompile>
    <ClCompile Include="..\src\Game.cpp">
      <Filter>Source Files\Implementation</Filter>
    </ClCompile>
  </ItemGroup>
  <ItemGroup>
    <None Include="cpp.hint" />
    <None Include="shaders\image.frag">
      <Filter>Resource Files\Shaders</Filter>
    </None>
    <None Include="shaders\image.vert">
      <Filter>Resource Files\Shaders</Filter>
    </None>
    <None Include="shaders\unlit.frag">
      <Filter>Resource Files\Shaders</Filter>
    </None>
    <None Include="shaders\unlit.vert">
      <Filter>Resource Files\Shaders</Filter>
    </None>
    <None Include="shaders\unlit-edgefade.frag">
      <Filter>Resource Files\Shaders</Filter>
    </None>
    <None Include="shaders\glyph.frag">
      <Filter>Resource Files\Shaders</Filter>
    </None>
    <None Include="shaders\glyph.vert">
      <Filter>Resource Files\Shaders</Filter>
    </None>
  </ItemGroup>
  <ItemGroup>
    <Image Include="texture\tile.png">
      <Filter>Resource Files\Textures</Filter>
    </Image>
    <Image Include="texture\man.png">
      <Filter>Resource Files\Textures</Filter>
    </Image>
  </ItemGroup>
  <ItemGroup>
    <ClInclude Include="..\header\Core.h">
      <Filter>Header Files</Filter>
    </ClInclude>
    <ClInclude Include="..\header\Magia.h">
      <Filter>Header Files</Filter>
    </ClInclude>
    <ClInclude Include="..\header\Audio.h">
      <Filter>Header Files\AL/GL</Filter>
    </ClInclude>
    <ClInclude Include="..\header\Collision.h">
      <Filter>Header Files\Implementation</Filter>
    </ClInclude>
    <ClInclude Include="..\header\Component.h">
      <Filter>Header Files\ECS</Filter>
    </ClInclude>
    <ClInclude Include="..\header\EBO.h">
      <Filter>Header Files\AL/GL</Filter>
    </ClInclude>
    <ClInclude Include="..\header\Font.h">
      <Filter>Header Files\Implementation</Filter>
    </ClInclude>
    <ClInclude Include="..\header\Entity.h">
      <Filter>Header Files\ECS</Filter>
    </ClInclude>
    <ClInclude Include="..\header\GLMHelper.h">
      <Filter>Header Files\Helper</Filter>
    </ClInclude>
    <ClInclude Include="..\header\Input.h">
      <Filter>Header Files\Implementation</Filter>
    </ClInclude>
    <ClInclude Include="..\header\Layer.h">
      <Filter>Header Files\ECS</Filter>
    </ClInclude>
    <ClInclude Include="..\header\MathHelper.h">
      <Filter>Header Files\Helper</Filter>
    </ClInclude>
    <ClInclude Include="..\header\Noise.h">
      <Filter>Header Files\Implementation</Filter>
    </ClInclude>
    <ClInclude Include="..\header\Renderer.h">
      <Filter>Header Files\Implementation</Filter>
    </ClInclude>
    <ClInclude Include="..\header\Scene.h">
      <Filter>Header Files\ECS</Filter>
    </ClInclude>
    <ClInclude Include="..\header\ScriptableEntity.h">
      <Filter>Header Files\ECS</Filter>
    </ClInclude>
    <ClInclude Include="..\header\Shader.h">
      <Filter>Header Files\AL/GL</Filter>
    </ClInclude>
    <ClInclude Include="..\header\Texture.h">
      <Filter>Header Files\AL/GL</Filter>
    </ClInclude>
    <ClInclude Include="..\header\Sprite.h">
      <Filter>Header Files\Implementation</Filter>
    </ClInclude>
    <ClInclude Include="..\header\Time.h">
      <Filter>Header Files\Implementation</Filter>
    </ClInclude>
    <ClInclude Include="..\header\UI.h">
      <Filter>Header Files\Implementation</Filter>
    </ClInclude>
    <ClInclude Include="..\header\VAO.h">
      <Filter>Header Files\AL/GL</Filter>
    </ClInclude>
    <ClInclude Include="..\header\VBO.h">
      <Filter>Header Files\AL/GL</Filter>
    </ClInclude>
    <ClInclude Include="..\script\EnemyController.h">
      <Filter>Header Files\Script</Filter>
    </ClInclude>
    <ClInclude Include="..\script\EnemySpawner.h">
      <Filter>Header Files\Script</Filter>
    </ClInclude>
    <ClInclude Include="..\script\GameManager.h">
      <Filter>Header Files\Script</Filter>
    </ClInclude>
    <ClInclude Include="..\script\PlayerController.h">
      <Filter>Header Files\Script</Filter>
    </ClInclude>
    <ClInclude Include="..\script\BoxSpawner.h">
      <Filter>Header Files\Script</Filter>
    </ClInclude>
    <ClInclude Include="..\script\BulletController.h">
      <Filter>Header Files\Script</Filter>
    </ClInclude>
    <ClInclude Include="..\header\Game.h">
      <Filter>Header Files\Implementation</Filter>
    </ClInclude>
  </ItemGroup>
</Project>